
Microsoft Visual Studio Solution File, Format Version 12.00
# Visual Studio Version 17
VisualStudioVersion = 17.14.36623.8 d17.14
MinimumVisualStudioVersion = 10.0.40219.1
Project("{FAE04EC0-301F-11D3-BF4B-00C04F79EFBC}") = "Практика 2", "Практика 2\Практика 2.csproj", "{4AD2B709-8254-434B-B8FB-BBD6F413A7B3}"
EndProject
Project("{FAE04EC0-301F-11D3-BF4B-00C04F79EFBC}") = "UnitTestProject1", "UnitTestProject1\UnitTestProject1.csproj", "{C32FAC39-C617-41CC-9E35-F23C812C1D4B}"
EndProject
Global
	GlobalSection(SolutionConfigurationPlatforms) = preSolution
		Debug|Any CPU = Debug|Any CPU
		Release|Any CPU = Release|Any CPU
	EndGlobalSection
	GlobalSection(ProjectConfigurationPlatforms) = postSolution
		{4AD2B709-8254-434B-B8FB-BBD6F413A7B3}.Debug|Any CPU.ActiveCfg = Debug|Any CPU
		{4AD2B709-8254-434B-B8FB-BBD6F413A7B3}.Debug|Any CPU.Build.0 = Debug|Any CPU
		{4AD2B709-8254-434B-B8FB-BBD6F413A7B3}.Release|Any CPU.ActiveCfg = Release|Any CPU
		{4AD2B709-8254-434B-B8FB-BBD6F413A7B3}.Release|Any CPU.Build.0 = Release|Any CPU
		{C32FAC39-C617-41CC-9E35-F23C812C1D4B}.Debug|Any CPU.ActiveCfg = Debug|Any CPU
		{C32FAC39-C617-41CC-9E35-F23C812C1D4B}.Debug|Any CPU.Build.0 = Debug|Any CPU
		{C32FAC39-C617-41CC-9E35-F23C812C1D4B}.Release|Any CPU.ActiveCfg = Release|Any CPU
		{C32FAC39-C617-41CC-9E35-F23C812C1D4B}.Release|Any CPU.Build.0 = Release|Any CPU
	EndGlobalSection
	GlobalSection(SolutionProperties) = preSolution
		HideSolutionNode = FALSE
	EndGlobalSection
	GlobalSection(ExtensibilityGlobals) = postSolution
		SolutionGuid = {3627D66E-5FCD-4B85-ACC6-94E62BB31BB4}
	EndGlobalSection
EndGlobal
