
Microsoft Visual Studio Solution File, Format Version 12.00
# Visual Studio Version 17
VisualStudioVersion = 17.14.36623.8 d17.14
MinimumVisualStudioVersion = 10.0.40219.1
Project("{FAE04EC0-301F-11D3-BF4B-00C04F79EFBC}") = "WindowsFormsApp1", "WindowsFormsApp1\WindowsFormsApp1.csproj", "{A9097B60-D7EA-4CEE-AC6E-D864FB0A586E}"
EndProject
Global
	GlobalSection(SolutionConfigurationPlatforms) = preSolution
		Debug|Any CPU = Debug|Any CPU
		Release|Any CPU = Release|Any CPU
	EndGlobalSection
	GlobalSection(ProjectConfigurationPlatforms) = postSolution
		{A9097B60-D7EA-4CEE-AC6E-D864FB0A586E}.Debug|Any CPU.ActiveCfg = Debug|Any CPU
		{A9097B60-D7EA-4CEE-AC6E-D864FB0A586E}.Debug|Any CPU.Build.0 = Debug|Any CPU
		{A9097B60-D7EA-4CEE-AC6E-D864FB0A586E}.Release|Any CPU.ActiveCfg = Release|Any CPU
		{A9097B60-D7EA-4CEE-AC6E-D864FB0A586E}.Release|Any CPU.Build.0 = Release|Any CPU
	EndGlobalSection
	GlobalSection(SolutionProperties) = preSolution
		HideSolutionNode = FALSE
	EndGlobalSection
	GlobalSection(ExtensibilityGlobals) = postSolution
		SolutionGuid = {62E45918-5808-41A3-95F2-C81222B6F529}
	EndGlobalSection
EndGlobal
